// !$*UTF8*$!
{
	archiveVersion = 1;
	classes = {
	};
	objectVersion = 48;
	objects = {

/* Begin PBXBuildFile section */
		525DA6192084C16900E04244 /* AppDelegate.swift in Sources */ = {isa = PBXBuildFile; fileRef = 525DA6182084C16900E04244 /* AppDelegate.swift */; };
		525DA61B2084C16900E04244 /* ViewController.swift in Sources */ = {isa = PBXBuildFile; fileRef = 525DA61A2084C16900E04244 /* ViewController.swift */; };
		525DA61E2084C16900E04244 /* Main.storyboard in Resources */ = {isa = PBXBuildFile; fileRef = 525DA61C2084C16900E04244 /* Main.storyboard */; };
		525DA6212084C16900E04244 /* MyToDoList.xcdatamodeld in Sources */ = {isa = PBXBuildFile; fileRef = 525DA61F2084C16900E04244 /* MyToDoList.xcdatamodeld */; };
		525DA6232084C16900E04244 /* Assets.xcassets in Resources */ = {isa = PBXBuildFile; fileRef = 525DA6222084C16900E04244 /* Assets.xcassets */; };
		525DA6262084C16900E04244 /* LaunchScreen.storyboard in Resources */ = {isa = PBXBuildFile; fileRef = 525DA6242084C16900E04244 /* LaunchScreen.storyboard */; };
		525DA62E2084CAD200E04244 /* AddTodoViewController.swift in Sources */ = {isa = PBXBuildFile; fileRef = 525DA62D2084CAD200E04244 /* AddTodoViewController.swift */; };
		525DA6302084CAE400E04244 /* TodoTableViewController.swift in Sources */ = {isa = PBXBuildFile; fileRef = 525DA62F2084CAE400E04244 /* TodoTableViewController.swift */; };
		525DA6322084DB3100E04244 /* ic_delete.png in Resources */ = {isa = PBXBuildFile; fileRef = 525DA6312084DB3100E04244 /* ic_delete.png */; };
		525DA6342084DB3B00E04244 /* ic_done.png in Resources */ = {isa = PBXBuildFile; fileRef = 525DA6332084DB3B00E04244 /* ic_done.png */; };
		525DA63B2084DBEA00E04244 /* Todos.xcdatamodeld in Sources */ = {isa = PBXBuildFile; fileRef = 525DA6392084DBEA00E04244 /* Todos.xcdatamodeld */; };
		525DA63D2084DC9A00E04244 /* CoredataStack.swift in Sources */ = {isa = PBXBuildFile; fileRef = 525DA63C2084DC9A00E04244 /* CoredataStack.swift */; };
		525DA64120858F3C00E04244 /* NanumMyeongjoOTF-YetHangul.otf in Resources */ = {isa = PBXBuildFile; fileRef = 525DA64020858F3800E04244 /* NanumMyeongjoOTF-YetHangul.otf */; };
		525DA64320859A6600E04244 /* pen.png in Resources */ = {isa = PBXBuildFile; fileRef = 525DA64220859A6600E04244 /* pen.png */; };
/* End PBXBuildFile section */

/* Begin PBXFileReference section */
		525DA6152084C16900E04244 /* MyToDoList.app */ = {isa = PBXFileReference; explicitFileType = wrapper.application; includeInIndex = 0; path = MyToDoList.app; sourceTree = BUILT_PRODUCTS_DIR; };
		525DA6182084C16900E04244 /* AppDelegate.swift */ = {isa = PBXFileReference; lastKnownFileType = sourcecode.swift; path = AppDelegate.swift; sourceTree = "<group>"; };
		525DA61A2084C16900E04244 /* ViewController.swift */ = {isa = PBXFileReference; lastKnownFileType = sourcecode.swift; path = ViewController.swift; sourceTree = "<group>"; };
		525DA61D2084C16900E04244 /* Base */ = {isa = PBXFileReference; lastKnownFileType = file.storyboard; name = Base; path = Base.lproj/Main.storyboard; sourceTree = "<group>"; };
		525DA6202084C16900E04244 /* MyToDoList.xcdatamodel */ = {isa = PBXFileReference; lastKnownFileType = wrapper.xcdatamodel; path = MyToDoList.xcdatamodel; sourceTree = "<group>"; };
		525DA6222084C16900E04244 /* Assets.xcassets */ = {isa = PBXFileReference; lastKnownFileType = folder.assetcatalog; path = Assets.xcassets; sourceTree = "<group>"; };
		525DA6252084C16900E04244 /* Base */ = {isa = PBXFileReference; lastKnownFileType = file.storyboard; name = Base; path = Base.lproj/LaunchScreen.storyboard; sourceTree = "<group>"; };
		525DA6272084C16900E04244 /* Info.plist */ = {isa = PBXFileReference; lastKnownFileType = text.plist.xml; path = Info.plist; sourceTree = "<group>"; };
		525DA62D2084CAD200E04244 /* AddTodoViewController.swift */ = {isa = PBXFileReference; lastKnownFileType = sourcecode.swift; path = AddTodoViewController.swift; sourceTree = "<group>"; };
		525DA62F2084CAE400E04244 /* TodoTableViewController.swift */ = {isa = PBXFileReference; lastKnownFileType = sourcecode.swift; path = TodoTableViewController.swift; sourceTree = "<group>"; };
		525DA6312084DB3100E04244 /* ic_delete.png */ = {isa = PBXFileReference; lastKnownFileType = image.png; path = ic_delete.png; sourceTree = "<group>"; };
		525DA6332084DB3B00E04244 /* ic_done.png */ = {isa = PBXFileReference; lastKnownFileType = image.png; path = ic_done.png; sourceTree = "<group>"; };
		525DA63A2084DBEA00E04244 /* Todos.xcdatamodel */ = {isa = PBXFileReference; lastKnownFileType = wrapper.xcdatamodel; path = Todos.xcdatamodel; sourceTree = "<group>"; };
		525DA63C2084DC9A00E04244 /* CoredataStack.swift */ = {isa = PBXFileReference; lastKnownFileType = sourcecode.swift; path = CoredataStack.swift; sourceTree = "<group>"; };
		525DA64020858F3800E04244 /* NanumMyeongjoOTF-YetHangul.otf */ = {isa = PBXFileReference; lastKnownFileType = file; path = "NanumMyeongjoOTF-YetHangul.otf"; sourceTree = "<group>"; };
		525DA64220859A6600E04244 /* pen.png */ = {isa = PBXFileReference; lastKnownFileType = image.png; path = pen.png; sourceTree = "<group>"; };
/* End PBXFileReference section */

/* Begin PBXFrameworksBuildPhase section */
		525DA6122084C16900E04244 /* Frameworks */ = {
			isa = PBXFrameworksBuildPhase;
			buildActionMask = 2147483647;
			files = (
			);
			runOnlyForDeploymentPostprocessing = 0;
		};
/* End PBXFrameworksBuildPhase section */

/* Begin PBXGroup section */
		525DA60C2084C16900E04244 = {
			isa = PBXGroup;
			children = (
				525DA6172084C16900E04244 /* MyToDoList */,
				525DA6162084C16900E04244 /* Products */,
			);
			sourceTree = "<group>";
		};
		525DA6162084C16900E04244 /* Products */ = {
			isa = PBXGroup;
			children = (
				525DA6152084C16900E04244 /* MyToDoList.app */,
			);
			name = Products;
			sourceTree = "<group>";
		};
		525DA6172084C16900E04244 /* MyToDoList */ = {
			isa = PBXGroup;
			children = (
				525DA64220859A6600E04244 /* pen.png */,
				525DA64020858F3800E04244 /* NanumMyeongjoOTF-YetHangul.otf */,
				525DA6382084DBCE00E04244 /* CoreData */,
				525DA6372084DBBA00E04244 /* Pic */,
				525DA6362084DBAF00E04244 /* VC */,
				525DA61C2084C16900E04244 /* Main.storyboard */,
				525DA6222084C16900E04244 /* Assets.xcassets */,
				525DA6242084C16900E04244 /* LaunchScreen.storyboard */,
				525DA6272084C16900E04244 /* Info.plist */,
				525DA61F2084C16900E04244 /* MyToDoList.xcdatamodeld */,
			);
			path = MyToDoList;
			sourceTree = "<group>";
		};
		525DA6362084DBAF00E04244 /* VC */ = {
			isa = PBXGroup;
			children = (
				525DA62D2084CAD200E04244 /* AddTodoViewController.swift */,
				525DA62F2084CAE400E04244 /* TodoTableViewController.swift */,
				525DA6182084C16900E04244 /* AppDelegate.swift */,
				525DA61A2084C16900E04244 /* ViewController.swift */,
			);
			path = VC;
			sourceTree = "<group>";
		};
		525DA6372084DBBA00E04244 /* Pic */ = {
			isa = PBXGroup;
			children = (
				525DA6332084DB3B00E04244 /* ic_done.png */,
				525DA6312084DB3100E04244 /* ic_delete.png */,
			);
			path = Pic;
			sourceTree = "<group>";
		};
		525DA6382084DBCE00E04244 /* CoreData */ = {
			isa = PBXGroup;
			children = (
				525DA6392084DBEA00E04244 /* Todos.xcdatamodeld */,
				525DA63C2084DC9A00E04244 /* CoredataStack.swift */,
			);
			path = CoreData;
			sourceTree = "<group>";
		};
/* End PBXGroup section */

/* Begin PBXNativeTarget section */
		525DA6142084C16900E04244 /* MyToDoList */ = {
			isa = PBXNativeTarget;
			buildConfigurationList = 525DA62A2084C16900E04244 /* Build configuration list for PBXNativeTarget "MyToDoList" */;
			buildPhases = (
				525DA6112084C16900E04244 /* Sources */,
				525DA6122084C16900E04244 /* Frameworks */,
				525DA6132084C16900E04244 /* Resources */,
			);
			buildRules = (
			);
			dependencies = (
			);
			name = MyToDoList;
			productName = MyToDoList;
			productReference = 525DA6152084C16900E04244 /* MyToDoList.app */;
			productType = "com.apple.product-type.application";
		};
/* End PBXNativeTarget section */

/* Begin PBXProject section */
		525DA60D2084C16900E04244 /* Project object */ = {
			isa = PBXProject;
			attributes = {
				LastSwiftUpdateCheck = 0920;
				LastUpgradeCheck = 0920;
				ORGANIZATIONNAME = MacBookPro;
				TargetAttributes = {
					525DA6142084C16900E04244 = {
						CreatedOnToolsVersion = 9.2;
						ProvisioningStyle = Automatic;
					};
				};
			};
			buildConfigurationList = 525DA6102084C16900E04244 /* Build configuration list for PBXProject "MyToDoList" */;
			compatibilityVersion = "Xcode 8.0";
			developmentRegion = en;
			hasScannedForEncodings = 0;
			knownRegions = (
				en,
				Base,
			);
			mainGroup = 525DA60C2084C16900E04244;
			productRefGroup = 525DA6162084C16900E04244 /* Products */;
			projectDirPath = "";
			projectRoot = "";
			targets = (
				525DA6142084C16900E04244 /* MyToDoList */,
			);
		};
/* End PBXProject section */

/* Begin PBXResourcesBuildPhase section */
		525DA6132084C16900E04244 /* Resources */ = {
			isa = PBXResourcesBuildPhase;
			buildActionMask = 2147483647;
			files = (
				525DA6262084C16900E04244 /* LaunchScreen.storyboard in Resources */,
				525DA6232084C16900E04244 /* Assets.xcassets in Resources */,
				525DA64320859A6600E04244 /* pen.png in Resources */,
				525DA6322084DB3100E04244 /* ic_delete.png in Resources */,
				525DA6342084DB3B00E04244 /* ic_done.png in Resources */,
				525DA61E2084C16900E04244 /* Main.storyboard in Resources */,
				525DA64120858F3C00E04244 /* NanumMyeongjoOTF-YetHangul.otf in Resources */,
			);
			runOnlyForDeploymentPostprocessing = 0;
		};
/* End PBXResourcesBuildPhase section */

/* Begin PBXSourcesBuildPhase section */
		525DA6112084C16900E04244 /* Sources */ = {
			isa = PBXSourcesBuildPhase;
			buildActionMask = 2147483647;
			files = (
				525DA62E2084CAD200E04244 /* AddTodoViewController.swift in Sources */,
				525DA63B2084DBEA00E04244 /* Todos.xcdatamodeld in Sources */,
				525DA63D2084DC9A00E04244 /* CoredataStack.swift in Sources */,
				525DA6302084CAE400E04244 /* TodoTableViewController.swift in Sources */,
				525DA61B2084C16900E04244 /* ViewController.swift in Sources */,
				525DA6192084C16900E04244 /* AppDelegate.swift in Sources */,
				525DA6212084C16900E04244 /* MyToDoList.xcdatamodeld in Sources */,
			);
			runOnlyForDeploymentPostprocessing = 0;
		};
/* End PBXSourcesBuildPhase section */

/* Begin PBXVariantGroup section */
		525DA61C2084C16900E04244 /* Main.storyboard */ = {
			isa = PBXVariantGroup;
			children = (
				525DA61D2084C16900E04244 /* Base */,
			);
			name = Main.storyboard;
			sourceTree = "<group>";
		};
		525DA6242084C16900E04244 /* LaunchScreen.storyboard */ = {
			isa = PBXVariantGroup;
			children = (
				525DA6252084C16900E04244 /* Base */,
			);
			name = LaunchScreen.storyboard;
			sourceTree = "<group>";
		};
/* End PBXVariantGroup section */

/* Begin XCBuildConfiguration section */
		525DA6282084C16900E04244 /* Debug */ = {
			isa = XCBuildConfiguration;
			buildSettings = {
				ALWAYS_SEARCH_USER_PATHS = NO;
				CLANG_ANALYZER_NONNULL = YES;
				CLANG_ANALYZER_NUMBER_OBJECT_CONVERSION = YES_AGGRESSIVE;
				CLANG_CXX_LANGUAGE_STANDARD = "gnu++14";
				CLANG_CXX_LIBRARY = "libc++";
				CLANG_ENABLE_MODULES = YES;
				CLANG_ENABLE_OBJC_ARC = YES;
				CLANG_WARN_BLOCK_CAPTURE_AUTORELEASING = YES;
				CLANG_WARN_BOOL_CONVERSION = YES;
				CLANG_WARN_COMMA = YES;
				CLANG_WARN_CONSTANT_CONVERSION = YES;
				CLANG_WARN_DIRECT_OBJC_ISA_USAGE = YES_ERROR;
				CLANG_WARN_DOCUMENTATION_COMMENTS = YES;
				CLANG_WARN_EMPTY_BODY = YES;
				CLANG_WARN_ENUM_CONVERSION = YES;
				CLANG_WARN_INFINITE_RECURSION = YES;
				CLANG_WARN_INT_CONVERSION = YES;
				CLANG_WARN_NON_LITERAL_NULL_CONVERSION = YES;
				CLANG_WARN_OBJC_LITERAL_CONVERSION = YES;
				CLANG_WARN_OBJC_ROOT_CLASS = YES_ERROR;
				CLANG_WARN_RANGE_LOOP_ANALYSIS = YES;
				CLANG_WARN_STRICT_PROTOTYPES = YES;
				CLANG_WARN_SUSPICIOUS_MOVE = YES;
				CLANG_WARN_UNGUARDED_AVAILABILITY = YES_AGGRESSIVE;
				CLANG_WARN_UNREACHABLE_CODE = YES;
				CLANG_WARN__DUPLICATE_METHOD_MATCH = YES;
				CODE_SIGN_IDENTITY = "iPhone Developer";
				COPY_PHASE_STRIP = NO;
				DEBUG_INFORMATION_FORMAT = dwarf;
				ENABLE_STRICT_OBJC_MSGSEND = YES;
				ENABLE_TESTABILITY = YES;
				GCC_C_LANGUAGE_STANDARD = gnu11;
				GCC_DYNAMIC_NO_PIC = NO;
				GCC_NO_COMMON_BLOCKS = YES;
				GCC_OPTIMIZATION_LEVEL = 0;
				GCC_PREPROCESSOR_DEFINITIONS = (
					"DEBUG=1",
					"$(inherited)",
				);
				GCC_WARN_64_TO_32_BIT_CONVERSION = YES;
				GCC_WARN_ABOUT_RETURN_TYPE = YES_ERROR;
				GCC_WARN_UNDECLARED_SELECTOR = YES;
				GCC_WARN_UNINITIALIZED_AUTOS = YES_AGGRESSIVE;
				GCC_WARN_UNUSED_FUNCTION = YES;
				GCC_WARN_UNUSED_VARIABLE = YES;
				IPHONEOS_DEPLOYMENT_TARGET = 11.2;
				MTL_ENABLE_DEBUG_INFO = YES;
				ONLY_ACTIVE_ARCH = YES;
				SDKROOT = iphoneos;
				SWIFT_ACTIVE_COMPILATION_CONDITIONS = DEBUG;
				SWIFT_OPTIMIZATION_LEVEL = "-Onone";
			};
			name = Debug;
		};
		525DA6292084C16900E04244 /* Release */ = {
			isa = XCBuildConfiguration;
			buildSettings = {
				ALWAYS_SEARCH_USER_PATHS = NO;
				CLANG_ANALYZER_NONNULL = YES;
				CLANG_ANALYZER_NUMBER_OBJECT_CONVERSION = YES_AGGRESSIVE;
				CLANG_CXX_LANGUAGE_STANDARD = "gnu++14";
				CLANG_CXX_LIBRARY = "libc++";
				CLANG_ENABLE_MODULES = YES;
				CLANG_ENABLE_OBJC_ARC = YES;
				CLANG_WARN_BLOCK_CAPTURE_AUTORELEASING = YES;
				CLANG_WARN_BOOL_CONVERSION = YES;
				CLANG_WARN_COMMA = YES;
				CLANG_WARN_CONSTANT_CONVERSION = YES;
				CLANG_WARN_DIRECT_OBJC_ISA_USAGE = YES_ERROR;
				CLANG_WARN_DOCUMENTATION_COMMENTS = YES;
				CLANG_WARN_EMPTY_BODY = YES;
				CLANG_WARN_ENUM_CONVERSION = YES;
				CLANG_WARN_INFINITE_RECURSION = YES;
				CLANG_WARN_INT_CONVERSION = YES;
				CLANG_WARN_NON_LITERAL_NULL_CONVERSION = YES;
				CLANG_WARN_OBJC_LITERAL_CONVERSION = YES;
				CLANG_WARN_OBJC_ROOT_CLASS = YES_ERROR;
				CLANG_WARN_RANGE_LOOP_ANALYSIS = YES;
				CLANG_WARN_STRICT_PROTOTYPES = YES;
				CLANG_WARN_SUSPICIOUS_MOVE = YES;
				CLANG_WARN_UNGUARDED_AVAILABILITY = YES_AGGRESSIVE;
				CLANG_WARN_UNREACHABLE_CODE = YES;
				CLANG_WARN__DUPLICATE_METHOD_MATCH = YES;
				CODE_SIGN_IDENTITY = "iPhone Developer";
				COPY_PHASE_STRIP = NO;
				DEBUG_INFORMATION_FORMAT = "dwarf-with-dsym";
				ENABLE_NS_ASSERTIONS = NO;
				ENABLE_STRICT_OBJC_MSGSEND = YES;
				GCC_C_LANGUAGE_STANDARD = gnu11;
				GCC_NO_COMMON_BLOCKS = YES;
				GCC_WARN_64_TO_32_BIT_CONVERSION = YES;
				GCC_WARN_ABOUT_RETURN_TYPE = YES_ERROR;
				GCC_WARN_UNDECLARED_SELECTOR = YES;
				GCC_WARN_UNINITIALIZED_AUTOS = YES_AGGRESSIVE;
				GCC_WARN_UNUSED_FUNCTION = YES;
				GCC_WARN_UNUSED_VARIABLE = YES;
				IPHONEOS_DEPLOYMENT_TARGET = 11.2;
				MTL_ENABLE_DEBUG_INFO = NO;
				SDKROOT = iphoneos;
				SWIFT_OPTIMIZATION_LEVEL = "-Owholemodule";
				VALIDATE_PRODUCT = YES;
			};
			name = Release;
		};
		525DA62B2084C16900E04244 /* Debug */ = {
			isa = XCBuildConfiguration;
			buildSettings = {
				ASSETCATALOG_COMPILER_APPICON_NAME = AppIcon;
				CODE_SIGN_STYLE = Automatic;
				DEVELOPMENT_TEAM = 3HFR2QP3B2;
				INFOPLIST_FILE = MyToDoList/Info.plist;
				LD_RUNPATH_SEARCH_PATHS = "$(inherited) @executable_path/Frameworks";
				PRODUCT_BUNDLE_IDENTIFIER = com.happy.MyToDoList;
				PRODUCT_NAME = "$(TARGET_NAME)";
				SWIFT_VERSION = 4.0;
				TARGETED_DEVICE_FAMILY = "1,2";
			};
			name = Debug;
		};
		525DA62C2084C16900E04244 /* Release */ = {
			isa = XCBuildConfiguration;
			buildSettings = {
				ASSETCATALOG_COMPILER_APPICON_NAME = AppIcon;
				CODE_SIGN_STYLE = Automatic;
				DEVELOPMENT_TEAM = 3HFR2QP3B2;
				INFOPLIST_FILE = MyToDoList/Info.plist;
				LD_RUNPATH_SEARCH_PATHS = "$(inherited) @executable_path/Frameworks";
				PRODUCT_BUNDLE_IDENTIFIER = com.happy.MyToDoList;
				PRODUCT_NAME = "$(TARGET_NAME)";
				SWIFT_VERSION = 4.0;
				TARGETED_DEVICE_FAMILY = "1,2";
			};
			name = Release;
		};
/* End XCBuildConfiguration section */

/* Begin XCConfigurationList section */
		525DA6102084C16900E04244 /* Build configuration list for PBXProject "MyToDoList" */ = {
			isa = XCConfigurationList;
			buildConfigurations = (
				525DA6282084C16900E04244 /* Debug */,
				525DA6292084C16900E04244 /* Release */,
			);
			defaultConfigurationIsVisible = 0;
			defaultConfigurationName = Release;
		};
		525DA62A2084C16900E04244 /* Build configuration list for PBXNativeTarget "MyToDoList" */ = {
			isa = XCConfigurationList;
			buildConfigurations = (
				525DA62B2084C16900E04244 /* Debug */,
				525DA62C2084C16900E04244 /* Release */,
			);
			defaultConfigurationIsVisible = 0;
			defaultConfigurationName = Release;
		};
/* End XCConfigurationList section */

/* Begin XCVersionGroup section */
		525DA61F2084C16900E04244 /* MyToDoList.xcdatamodeld */ = {
			isa = XCVersionGroup;
			children = (
				525DA6202084C16900E04244 /* MyToDoList.xcdatamodel */,
			);
			currentVersion = 525DA6202084C16900E04244 /* MyToDoList.xcdatamodel */;
			path = MyToDoList.xcdatamodeld;
			sourceTree = "<group>";
			versionGroupType = wrapper.xcdatamodel;
		};
		525DA6392084DBEA00E04244 /* Todos.xcdatamodeld */ = {
			isa = XCVersionGroup;
			children = (
				525DA63A2084DBEA00E04244 /* Todos.xcdatamodel */,
			);
			currentVersion = 525DA63A2084DBEA00E04244 /* Todos.xcdatamodel */;
			path = Todos.xcdatamodeld;
			sourceTree = "<group>";
			versionGroupType = wrapper.xcdatamodel;
		};
/* End XCVersionGroup section */
	};
	rootObject = 525DA60D2084C16900E04244 /* Project object */;
}
